
Microsoft Visual Studio Solution File, Format Version 12.00
# Visual Studio 14
VisualStudioVersion = 14.0.25123.0
MinimumVisualStudioVersion = 10.0.40219.1
Project("{FAE04EC0-301F-11D3-BF4B-00C04F79EFBC}") = "LoggerTest", "LoggerTest\LoggerTest.csproj", "{D95C1CB1-B444-4C67-9210-B42F54756FA4}"
EndProject
Project("{FAE04EC0-301F-11D3-BF4B-00C04F79EFBC}") = "Logger", "SampleLogger\Logger.csproj", "{45008F2E-7C95-488B-BECB-20E94D1FF821}"
EndProject
Project("{FAE04EC0-301F-11D3-BF4B-00C04F79EFBC}") = "jnFrontEnd", "jnFrontEnd\jnFrontEnd.csproj", "{C1A477E5-D108-4F8A-9FFB-8733FC97C19F}"
EndProject
Global
	GlobalSection(SolutionConfigurationPlatforms) = preSolution
		Debug|Any CPU = Debug|Any CPU
		Release|Any CPU = Release|Any CPU
	EndGlobalSection
	GlobalSection(ProjectConfigurationPlatforms) = postSolution
		{D95C1CB1-B444-4C67-9210-B42F54756FA4}.Debug|Any CPU.ActiveCfg = Debug|Any CPU
		{D95C1CB1-B444-4C67-9210-B42F54756FA4}.Debug|Any CPU.Build.0 = Debug|Any CPU
		{D95C1CB1-B444-4C67-9210-B42F54756FA4}.Release|Any CPU.ActiveCfg = Release|Any CPU
		{D95C1CB1-B444-4C67-9210-B42F54756FA4}.Release|Any CPU.Build.0 = Release|Any CPU
		{45008F2E-7C95-488B-BECB-20E94D1FF821}.Debug|Any CPU.ActiveCfg = Debug|Any CPU
		{45008F2E-7C95-488B-BECB-20E94D1FF821}.Debug|Any CPU.Build.0 = Debug|Any CPU
		{45008F2E-7C95-488B-BECB-20E94D1FF821}.Release|Any CPU.ActiveCfg = Release|Any CPU
		{45008F2E-7C95-488B-BECB-20E94D1FF821}.Release|Any CPU.Build.0 = Release|Any CPU
		{C1A477E5-D108-4F8A-9FFB-8733FC97C19F}.Debug|Any CPU.ActiveCfg = Debug|Any CPU
		{C1A477E5-D108-4F8A-9FFB-8733FC97C19F}.Debug|Any CPU.Build.0 = Debug|Any CPU
		{C1A477E5-D108-4F8A-9FFB-8733FC97C19F}.Release|Any CPU.ActiveCfg = Release|Any CPU
		{C1A477E5-D108-4F8A-9FFB-8733FC97C19F}.Release|Any CPU.Build.0 = Release|Any CPU
	EndGlobalSection
	GlobalSection(SolutionProperties) = preSolution
		HideSolutionNode = FALSE
	EndGlobalSection
EndGlobal
